
Microsoft Visual Studio Solution File, Format Version 12.00
# Visual Studio Version 16
VisualStudioVersion = 16.0.31729.503
MinimumVisualStudioVersion = 10.0.40219.1
Project("{FAE04EC0-301F-11D3-BF4B-00C04F79EFBC}") = "Study", "Study\Study.csproj", "{966342DA-BC90-4AD2-843A-D6DC13340BE9}"
EndProject
Project("{9A19103F-16F7-4668-BE54-9A1E7A4F7556}") = "Study.UnitTests", "Study.UnitTests\Study.UnitTests.csproj", "{4D40ABB7-B660-4705-841A-861ED1482737}"
EndProject
Project("{FAE04EC0-301F-11D3-BF4B-00C04F79EFBC}") = "Study.IntegrationTests", "Study.IntegrationTests\Study.IntegrationTests.csproj", "{733199F0-D62F-4D5D-A0BD-F03032190296}"
EndProject
Global
	GlobalSection(SolutionConfigurationPlatforms) = preSolution
		Debug|Any CPU = Debug|Any CPU
		Release|Any CPU = Release|Any CPU
	EndGlobalSection
	GlobalSection(ProjectConfigurationPlatforms) = postSolution
		{966342DA-BC90-4AD2-843A-D6DC13340BE9}.Debug|Any CPU.ActiveCfg = Debug|Any CPU
		{966342DA-BC90-4AD2-843A-D6DC13340BE9}.Debug|Any CPU.Build.0 = Debug|Any CPU
		{966342DA-BC90-4AD2-843A-D6DC13340BE9}.Release|Any CPU.ActiveCfg = Release|Any CPU
		{966342DA-BC90-4AD2-843A-D6DC13340BE9}.Release|Any CPU.Build.0 = Release|Any CPU
		{4D40ABB7-B660-4705-841A-861ED1482737}.Debug|Any CPU.ActiveCfg = Debug|Any CPU
		{4D40ABB7-B660-4705-841A-861ED1482737}.Debug|Any CPU.Build.0 = Debug|Any CPU
		{4D40ABB7-B660-4705-841A-861ED1482737}.Release|Any CPU.ActiveCfg = Release|Any CPU
		{4D40ABB7-B660-4705-841A-861ED1482737}.Release|Any CPU.Build.0 = Release|Any CPU
		{733199F0-D62F-4D5D-A0BD-F03032190296}.Debug|Any CPU.ActiveCfg = Debug|Any CPU
		{733199F0-D62F-4D5D-A0BD-F03032190296}.Debug|Any CPU.Build.0 = Debug|Any CPU
		{733199F0-D62F-4D5D-A0BD-F03032190296}.Release|Any CPU.ActiveCfg = Release|Any CPU
		{733199F0-D62F-4D5D-A0BD-F03032190296}.Release|Any CPU.Build.0 = Release|Any CPU
	EndGlobalSection
	GlobalSection(SolutionProperties) = preSolution
		HideSolutionNode = FALSE
	EndGlobalSection
	GlobalSection(ExtensibilityGlobals) = postSolution
		SolutionGuid = {F874F1CE-82D8-4B43-84EB-E895E441EE9E}
	EndGlobalSection
EndGlobal
